// !$*UTF8*$!
{
	archiveVersion = 1;
	classes = {
	};
	objectVersion = 50;
	objects = {

/* Begin PBXBuildFile section */
		831CAEA921765365003DCE08 /* Beer.swift in Sources */ = {isa = PBXBuildFile; fileRef = 831CAEA821765365003DCE08 /* Beer.swift */; };
		831CAEAC21765492003DCE08 /* BeerItemVM.swift in Sources */ = {isa = PBXBuildFile; fileRef = 831CAEAB21765492003DCE08 /* BeerItemVM.swift */; };
		831CAEAF2176556B003DCE08 /* BeerListVM.swift in Sources */ = {isa = PBXBuildFile; fileRef = 831CAEAE2176556B003DCE08 /* BeerListVM.swift */; };
		831CAEB121765656003DCE08 /* BeerService.swift in Sources */ = {isa = PBXBuildFile; fileRef = 831CAEB021765656003DCE08 /* BeerService.swift */; };
		831CAEB5217657D7003DCE08 /* BeerListVC.swift in Sources */ = {isa = PBXBuildFile; fileRef = 831CAEB3217657D7003DCE08 /* BeerListVC.swift */; };
		831CAEB6217657D7003DCE08 /* BeerListVC.xib in Resources */ = {isa = PBXBuildFile; fileRef = 831CAEB4217657D7003DCE08 /* BeerListVC.xib */; };
		831CAEB821765AC0003DCE08 /* BeerCoordinator.swift in Sources */ = {isa = PBXBuildFile; fileRef = 831CAEB721765AC0003DCE08 /* BeerCoordinator.swift */; };
		831CAEBB217722AA003DCE08 /* BeerCVC.swift in Sources */ = {isa = PBXBuildFile; fileRef = 831CAEB9217722AA003DCE08 /* BeerCVC.swift */; };
		831CAEBC217722AA003DCE08 /* BeerCVC.xib in Resources */ = {isa = PBXBuildFile; fileRef = 831CAEBA217722AA003DCE08 /* BeerCVC.xib */; };
		831CAEBF21774A59003DCE08 /* BeerVC.swift in Sources */ = {isa = PBXBuildFile; fileRef = 831CAEBD21774A59003DCE08 /* BeerVC.swift */; };
		831CAEC021774A59003DCE08 /* BeerVC.xib in Resources */ = {isa = PBXBuildFile; fileRef = 831CAEBE21774A59003DCE08 /* BeerVC.xib */; };
		831CAEC421775F8A003DCE08 /* BeerImageVC.swift in Sources */ = {isa = PBXBuildFile; fileRef = 831CAEC221775F8A003DCE08 /* BeerImageVC.swift */; };
		831CAEC521775F8A003DCE08 /* BeerImageVC.xib in Resources */ = {isa = PBXBuildFile; fileRef = 831CAEC321775F8A003DCE08 /* BeerImageVC.xib */; };
		831CAEC8217784F8003DCE08 /* Storage.swift in Sources */ = {isa = PBXBuildFile; fileRef = 831CAEC7217784F8003DCE08 /* Storage.swift */; };
		83255DFC2177B0740035A977 /* Color.xcassets in Resources */ = {isa = PBXBuildFile; fileRef = 83255DFB2177B0740035A977 /* Color.xcassets */; };
		83255E0321786C150035A977 /* StyleItemVM.swift in Sources */ = {isa = PBXBuildFile; fileRef = 83255E0221786C150035A977 /* StyleItemVM.swift */; };
		83255E05217873DB0035A977 /* Color.swift in Sources */ = {isa = PBXBuildFile; fileRef = 83255E04217873DB0035A977 /* Color.swift */; };
		83255E0721787D730035A977 /* BeerPVC.swift in Sources */ = {isa = PBXBuildFile; fileRef = 83255E0621787D730035A977 /* BeerPVC.swift */; };
		83255E0921787E1A0035A977 /* BeerPVCVM.swift in Sources */ = {isa = PBXBuildFile; fileRef = 83255E0821787E1A0035A977 /* BeerPVCVM.swift */; };
		83255E252178DB940035A977 /* BeerTests.swift in Sources */ = {isa = PBXBuildFile; fileRef = 83255E242178DB940035A977 /* BeerTests.swift */; };
		83255E282178DDFF0035A977 /* BeerItemVMTests.swift in Sources */ = {isa = PBXBuildFile; fileRef = 83255E272178DDFF0035A977 /* BeerItemVMTests.swift */; };
		83255E2A2178E4F70035A977 /* BeerPVCVMTests.swift in Sources */ = {isa = PBXBuildFile; fileRef = 83255E292178E4F70035A977 /* BeerPVCVMTests.swift */; };
		8384EFA321762B2E003D701D /* AppDelegate.swift in Sources */ = {isa = PBXBuildFile; fileRef = 8384EFA221762B2E003D701D /* AppDelegate.swift */; };
		8384EFAA21762B2F003D701D /* Assets.xcassets in Resources */ = {isa = PBXBuildFile; fileRef = 8384EFA921762B2F003D701D /* Assets.xcassets */; };
		8384EFAD21762B2F003D701D /* LaunchScreen.storyboard in Resources */ = {isa = PBXBuildFile; fileRef = 8384EFAB21762B2F003D701D /* LaunchScreen.storyboard */; };
		8384EFB821762B2F003D701D /* StyleTests.swift in Sources */ = {isa = PBXBuildFile; fileRef = 8384EFB721762B2F003D701D /* StyleTests.swift */; };
		8384EFC921762F53003D701D /* ExtensionMoya.swift in Sources */ = {isa = PBXBuildFile; fileRef = 8384EFC821762F53003D701D /* ExtensionMoya.swift */; };
		8384EFCB21762F8C003D701D /* Constant.swift in Sources */ = {isa = PBXBuildFile; fileRef = 8384EFCA21762F8C003D701D /* Constant.swift */; };
		8384EFCD21763018003D701D /* ViewModel.swift in Sources */ = {isa = PBXBuildFile; fileRef = 8384EFCC21763018003D701D /* ViewModel.swift */; };
		8384EFCF2176303D003D701D /* ViewModelDelegate.swift in Sources */ = {isa = PBXBuildFile; fileRef = 8384EFCE2176303D003D701D /* ViewModelDelegate.swift */; };
		8384EFD1217630C8003D701D /* CoordinatorProtocol.swift in Sources */ = {isa = PBXBuildFile; fileRef = 8384EFD0217630C8003D701D /* CoordinatorProtocol.swift */; };
		8384EFD3217630F1003D701D /* Helper.swift in Sources */ = {isa = PBXBuildFile; fileRef = 8384EFD2217630F1003D701D /* Helper.swift */; };
		8384EFD92176348E003D701D /* Style.swift in Sources */ = {isa = PBXBuildFile; fileRef = 8384EFD82176348E003D701D /* Style.swift */; };
		8384EFDC21763573003D701D /* StyleItemVM.swift in Sources */ = {isa = PBXBuildFile; fileRef = 8384EFDB21763573003D701D /* StyleItemVM.swift */; };
		8384EFDE21763667003D701D /* StyleService.swift in Sources */ = {isa = PBXBuildFile; fileRef = 8384EFDD21763667003D701D /* StyleService.swift */; };
		8384EFE021763A7A003D701D /* StyleVM.swift in Sources */ = {isa = PBXBuildFile; fileRef = 8384EFDF21763A7A003D701D /* StyleVM.swift */; };
		8384EFE321763C78003D701D /* StyleVC.swift in Sources */ = {isa = PBXBuildFile; fileRef = 8384EFE121763C78003D701D /* StyleVC.swift */; };
		8384EFE421763C78003D701D /* StyleVC.xib in Resources */ = {isa = PBXBuildFile; fileRef = 8384EFE221763C78003D701D /* StyleVC.xib */; };
		8384EFE721763D6F003D701D /* MainCoordinator.swift in Sources */ = {isa = PBXBuildFile; fileRef = 8384EFE621763D6F003D701D /* MainCoordinator.swift */; };
		8384EFE921763DDA003D701D /* StyleCoordinator.swift in Sources */ = {isa = PBXBuildFile; fileRef = 8384EFE821763DDA003D701D /* StyleCoordinator.swift */; };
		8384EFEC217645B0003D701D /* StyleTVC.swift in Sources */ = {isa = PBXBuildFile; fileRef = 8384EFEA217645B0003D701D /* StyleTVC.swift */; };
		8384EFED217645B0003D701D /* StyleTVC.xib in Resources */ = {isa = PBXBuildFile; fileRef = 8384EFEB217645B0003D701D /* StyleTVC.xib */; };
		D7C0AE84E6956D5F826A4F12 /* Pods_Brewery.framework in Frameworks */ = {isa = PBXBuildFile; fileRef = 43A5EF7D09F8A414EC0B965F /* Pods_Brewery.framework */; };
		FA481246ADA6F9777EAB943D /* Pods_BreweryTests.framework in Frameworks */ = {isa = PBXBuildFile; fileRef = 0638F259464B188CE8BBED23 /* Pods_BreweryTests.framework */; };
/* End PBXBuildFile section */

/* Begin PBXContainerItemProxy section */
		8384EFB421762B2F003D701D /* PBXContainerItemProxy */ = {
			isa = PBXContainerItemProxy;
			containerPortal = 8384EF9721762B2E003D701D /* Project object */;
			proxyType = 1;
			remoteGlobalIDString = 8384EF9E21762B2E003D701D;
			remoteInfo = Brewery;
		};
/* End PBXContainerItemProxy section */

/* Begin PBXFileReference section */
		0638F259464B188CE8BBED23 /* Pods_BreweryTests.framework */ = {isa = PBXFileReference; explicitFileType = wrapper.framework; includeInIndex = 0; path = Pods_BreweryTests.framework; sourceTree = BUILT_PRODUCTS_DIR; };
		199FBFA73AEA0D05BA633D9E /* Pods-BreweryTests.release.xcconfig */ = {isa = PBXFileReference; includeInIndex = 1; lastKnownFileType = text.xcconfig; name = "Pods-BreweryTests.release.xcconfig"; path = "Pods/Target Support Files/Pods-BreweryTests/Pods-BreweryTests.release.xcconfig"; sourceTree = "<group>"; };
		43A5EF7D09F8A414EC0B965F /* Pods_Brewery.framework */ = {isa = PBXFileReference; explicitFileType = wrapper.framework; includeInIndex = 0; path = Pods_Brewery.framework; sourceTree = BUILT_PRODUCTS_DIR; };
		831CAEA821765365003DCE08 /* Beer.swift */ = {isa = PBXFileReference; lastKnownFileType = sourcecode.swift; path = Beer.swift; sourceTree = "<group>"; };
		831CAEAB21765492003DCE08 /* BeerItemVM.swift */ = {isa = PBXFileReference; lastKnownFileType = sourcecode.swift; path = BeerItemVM.swift; sourceTree = "<group>"; };
		831CAEAE2176556B003DCE08 /* BeerListVM.swift */ = {isa = PBXFileReference; lastKnownFileType = sourcecode.swift; path = BeerListVM.swift; sourceTree = "<group>"; };
		831CAEB021765656003DCE08 /* BeerService.swift */ = {isa = PBXFileReference; lastKnownFileType = sourcecode.swift; path = BeerService.swift; sourceTree = "<group>"; };
		831CAEB3217657D7003DCE08 /* BeerListVC.swift */ = {isa = PBXFileReference; lastKnownFileType = sourcecode.swift; path = BeerListVC.swift; sourceTree = "<group>"; };
		831CAEB4217657D7003DCE08 /* BeerListVC.xib */ = {isa = PBXFileReference; lastKnownFileType = file.xib; path = BeerListVC.xib; sourceTree = "<group>"; };
		831CAEB721765AC0003DCE08 /* BeerCoordinator.swift */ = {isa = PBXFileReference; lastKnownFileType = sourcecode.swift; path = BeerCoordinator.swift; sourceTree = "<group>"; };
		831CAEB9217722AA003DCE08 /* BeerCVC.swift */ = {isa = PBXFileReference; lastKnownFileType = sourcecode.swift; path = BeerCVC.swift; sourceTree = "<group>"; };
		831CAEBA217722AA003DCE08 /* BeerCVC.xib */ = {isa = PBXFileReference; lastKnownFileType = file.xib; path = BeerCVC.xib; sourceTree = "<group>"; };
		831CAEBD21774A59003DCE08 /* BeerVC.swift */ = {isa = PBXFileReference; lastKnownFileType = sourcecode.swift; path = BeerVC.swift; sourceTree = "<group>"; };
		831CAEBE21774A59003DCE08 /* BeerVC.xib */ = {isa = PBXFileReference; lastKnownFileType = file.xib; path = BeerVC.xib; sourceTree = "<group>"; };
		831CAEC221775F8A003DCE08 /* BeerImageVC.swift */ = {isa = PBXFileReference; lastKnownFileType = sourcecode.swift; path = BeerImageVC.swift; sourceTree = "<group>"; };
		831CAEC321775F8A003DCE08 /* BeerImageVC.xib */ = {isa = PBXFileReference; lastKnownFileType = file.xib; path = BeerImageVC.xib; sourceTree = "<group>"; };
		831CAEC7217784F8003DCE08 /* Storage.swift */ = {isa = PBXFileReference; lastKnownFileType = sourcecode.swift; path = Storage.swift; sourceTree = "<group>"; };
		83255DFB2177B0740035A977 /* Color.xcassets */ = {isa = PBXFileReference; lastKnownFileType = folder.assetcatalog; path = Color.xcassets; sourceTree = "<group>"; };
		83255E0221786C150035A977 /* StyleItemVM.swift */ = {isa = PBXFileReference; lastKnownFileType = sourcecode.swift; path = StyleItemVM.swift; sourceTree = "<group>"; };
		83255E04217873DB0035A977 /* Color.swift */ = {isa = PBXFileReference; lastKnownFileType = sourcecode.swift; path = Color.swift; sourceTree = "<group>"; };
		83255E0621787D730035A977 /* BeerPVC.swift */ = {isa = PBXFileReference; lastKnownFileType = sourcecode.swift; path = BeerPVC.swift; sourceTree = "<group>"; };
		83255E0821787E1A0035A977 /* BeerPVCVM.swift */ = {isa = PBXFileReference; lastKnownFileType = sourcecode.swift; path = BeerPVCVM.swift; sourceTree = "<group>"; };
		83255E242178DB940035A977 /* BeerTests.swift */ = {isa = PBXFileReference; lastKnownFileType = sourcecode.swift; path = BeerTests.swift; sourceTree = "<group>"; };
		83255E272178DDFF0035A977 /* BeerItemVMTests.swift */ = {isa = PBXFileReference; lastKnownFileType = sourcecode.swift; path = BeerItemVMTests.swift; sourceTree = "<group>"; };
		83255E292178E4F70035A977 /* BeerPVCVMTests.swift */ = {isa = PBXFileReference; lastKnownFileType = sourcecode.swift; path = BeerPVCVMTests.swift; sourceTree = "<group>"; };
		8384EF9F21762B2E003D701D /* Brewery.app */ = {isa = PBXFileReference; explicitFileType = wrapper.application; includeInIndex = 0; path = Brewery.app; sourceTree = BUILT_PRODUCTS_DIR; };
		8384EFA221762B2E003D701D /* AppDelegate.swift */ = {isa = PBXFileReference; lastKnownFileType = sourcecode.swift; path = AppDelegate.swift; sourceTree = "<group>"; };
		8384EFA921762B2F003D701D /* Assets.xcassets */ = {isa = PBXFileReference; lastKnownFileType = folder.assetcatalog; path = Assets.xcassets; sourceTree = "<group>"; };
		8384EFAC21762B2F003D701D /* Base */ = {isa = PBXFileReference; lastKnownFileType = file.storyboard; name = Base; path = Base.lproj/LaunchScreen.storyboard; sourceTree = "<group>"; };
		8384EFAE21762B2F003D701D /* Info.plist */ = {isa = PBXFileReference; lastKnownFileType = text.plist.xml; path = Info.plist; sourceTree = "<group>"; };
		8384EFB321762B2F003D701D /* BreweryTests.xctest */ = {isa = PBXFileReference; explicitFileType = wrapper.cfbundle; includeInIndex = 0; path = BreweryTests.xctest; sourceTree = BUILT_PRODUCTS_DIR; };
		8384EFB721762B2F003D701D /* StyleTests.swift */ = {isa = PBXFileReference; lastKnownFileType = sourcecode.swift; path = StyleTests.swift; sourceTree = "<group>"; };
		8384EFB921762B2F003D701D /* Info.plist */ = {isa = PBXFileReference; lastKnownFileType = text.plist.xml; path = Info.plist; sourceTree = "<group>"; };
		8384EFC821762F53003D701D /* ExtensionMoya.swift */ = {isa = PBXFileReference; lastKnownFileType = sourcecode.swift; path = ExtensionMoya.swift; sourceTree = "<group>"; };
		8384EFCA21762F8C003D701D /* Constant.swift */ = {isa = PBXFileReference; lastKnownFileType = sourcecode.swift; path = Constant.swift; sourceTree = "<group>"; };
		8384EFCC21763018003D701D /* ViewModel.swift */ = {isa = PBXFileReference; lastKnownFileType = sourcecode.swift; path = ViewModel.swift; sourceTree = "<group>"; };
		8384EFCE2176303D003D701D /* ViewModelDelegate.swift */ = {isa = PBXFileReference; lastKnownFileType = sourcecode.swift; path = ViewModelDelegate.swift; sourceTree = "<group>"; };
		8384EFD0217630C8003D701D /* CoordinatorProtocol.swift */ = {isa = PBXFileReference; lastKnownFileType = sourcecode.swift; path = CoordinatorProtocol.swift; sourceTree = "<group>"; };
		8384EFD2217630F1003D701D /* Helper.swift */ = {isa = PBXFileReference; lastKnownFileType = sourcecode.swift; path = Helper.swift; sourceTree = "<group>"; };
		8384EFD82176348E003D701D /* Style.swift */ = {isa = PBXFileReference; lastKnownFileType = sourcecode.swift; path = Style.swift; sourceTree = "<group>"; };
		8384EFDB21763573003D701D /* StyleItemVM.swift */ = {isa = PBXFileReference; lastKnownFileType = sourcecode.swift; path = StyleItemVM.swift; sourceTree = "<group>"; };
		8384EFDD21763667003D701D /* StyleService.swift */ = {isa = PBXFileReference; lastKnownFileType = sourcecode.swift; path = StyleService.swift; sourceTree = "<group>"; };
		8384EFDF21763A7A003D701D /* StyleVM.swift */ = {isa = PBXFileReference; lastKnownFileType = sourcecode.swift; path = StyleVM.swift; sourceTree = "<group>"; };
		8384EFE121763C78003D701D /* StyleVC.swift */ = {isa = PBXFileReference; lastKnownFileType = sourcecode.swift; path = StyleVC.swift; sourceTree = "<group>"; };
		8384EFE221763C78003D701D /* StyleVC.xib */ = {isa = PBXFileReference; lastKnownFileType = file.xib; path = StyleVC.xib; sourceTree = "<group>"; };
		8384EFE621763D6F003D701D /* MainCoordinator.swift */ = {isa = PBXFileReference; lastKnownFileType = sourcecode.swift; path = MainCoordinator.swift; sourceTree = "<group>"; };
		8384EFE821763DDA003D701D /* StyleCoordinator.swift */ = {isa = PBXFileReference; lastKnownFileType = sourcecode.swift; path = StyleCoordinator.swift; sourceTree = "<group>"; };
		8384EFEA217645B0003D701D /* StyleTVC.swift */ = {isa = PBXFileReference; lastKnownFileType = sourcecode.swift; path = StyleTVC.swift; sourceTree = "<group>"; };
		8384EFEB217645B0003D701D /* StyleTVC.xib */ = {isa = PBXFileReference; lastKnownFileType = file.xib; path = StyleTVC.xib; sourceTree = "<group>"; };
		AE7585846607510998BBE2AE /* Pods-Brewery.debug.xcconfig */ = {isa = PBXFileReference; includeInIndex = 1; lastKnownFileType = text.xcconfig; name = "Pods-Brewery.debug.xcconfig"; path = "Pods/Target Support Files/Pods-Brewery/Pods-Brewery.debug.xcconfig"; sourceTree = "<group>"; };
		BA4360F6705E70FE56B80C7E /* Pods-Brewery.release.xcconfig */ = {isa = PBXFileReference; includeInIndex = 1; lastKnownFileType = text.xcconfig; name = "Pods-Brewery.release.xcconfig"; path = "Pods/Target Support Files/Pods-Brewery/Pods-Brewery.release.xcconfig"; sourceTree = "<group>"; };
		E6BE47931E4B83A175C23BB1 /* Pods-BreweryTests.debug.xcconfig */ = {isa = PBXFileReference; includeInIndex = 1; lastKnownFileType = text.xcconfig; name = "Pods-BreweryTests.debug.xcconfig"; path = "Pods/Target Support Files/Pods-BreweryTests/Pods-BreweryTests.debug.xcconfig"; sourceTree = "<group>"; };
/* End PBXFileReference section */

/* Begin PBXFrameworksBuildPhase section */
		8384EF9C21762B2E003D701D /* Frameworks */ = {
			isa = PBXFrameworksBuildPhase;
			buildActionMask = 2147483647;
			files = (
				D7C0AE84E6956D5F826A4F12 /* Pods_Brewery.framework in Frameworks */,
			);
			runOnlyForDeploymentPostprocessing = 0;
		};
		8384EFB021762B2F003D701D /* Frameworks */ = {
			isa = PBXFrameworksBuildPhase;
			buildActionMask = 2147483647;
			files = (
				FA481246ADA6F9777EAB943D /* Pods_BreweryTests.framework in Frameworks */,
			);
			runOnlyForDeploymentPostprocessing = 0;
		};
/* End PBXFrameworksBuildPhase section */

/* Begin PBXGroup section */
		04E12AC3D5FB937BD42CE253 /* Frameworks */ = {
			isa = PBXGroup;
			children = (
				43A5EF7D09F8A414EC0B965F /* Pods_Brewery.framework */,
				0638F259464B188CE8BBED23 /* Pods_BreweryTests.framework */,
			);
			name = Frameworks;
			sourceTree = "<group>";
		};
		4DC21CE9B67E2E341A92B40A /* Pods */ = {
			isa = PBXGroup;
			children = (
				AE7585846607510998BBE2AE /* Pods-Brewery.debug.xcconfig */,
				BA4360F6705E70FE56B80C7E /* Pods-Brewery.release.xcconfig */,
				E6BE47931E4B83A175C23BB1 /* Pods-BreweryTests.debug.xcconfig */,
				199FBFA73AEA0D05BA633D9E /* Pods-BreweryTests.release.xcconfig */,
			);
			name = Pods;
			sourceTree = "<group>";
		};
		831CAEA721765357003DCE08 /* Model */ = {
			isa = PBXGroup;
			children = (
				831CAEA821765365003DCE08 /* Beer.swift */,
			);
			path = Model;
			sourceTree = "<group>";
		};
		831CAEAA21765475003DCE08 /* ViewModel */ = {
			isa = PBXGroup;
			children = (
				831CAEAB21765492003DCE08 /* BeerItemVM.swift */,
				83255E0821787E1A0035A977 /* BeerPVCVM.swift */,
			);
			path = ViewModel;
			sourceTree = "<group>";
		};
		831CAEAD21765559003DCE08 /* ViewModel */ = {
			isa = PBXGroup;
			children = (
				831CAEAE2176556B003DCE08 /* BeerListVM.swift */,
			);
			path = ViewModel;
			sourceTree = "<group>";
		};
		831CAEB2217657B9003DCE08 /* View */ = {
			isa = PBXGroup;
			children = (
				831CAEB4217657D7003DCE08 /* BeerListVC.xib */,
				831CAEB9217722AA003DCE08 /* BeerCVC.swift */,
				831CAEBA217722AA003DCE08 /* BeerCVC.xib */,
			);
			path = View;
			sourceTree = "<group>";
		};
		831CAEC121774A5E003DCE08 /* View */ = {
			isa = PBXGroup;
			children = (
				831CAEC321775F8A003DCE08 /* BeerImageVC.xib */,
				831CAEBE21774A59003DCE08 /* BeerVC.xib */,
			);
			path = View;
			sourceTree = "<group>";
		};
		831CAEC6217784E0003DCE08 /* Storage */ = {
			isa = PBXGroup;
			children = (
				831CAEC7217784F8003DCE08 /* Storage.swift */,
			);
			path = Storage;
			sourceTree = "<group>";
		};
		83255DFE2177B7260035A977 /* ViewController */ = {
			isa = PBXGroup;
			children = (
				83255E222178DB6C0035A977 /* Beer */,
				83255E212178DB5D0035A977 /* BeerList */,
				83255DFF2177B7320035A977 /* StyleList */,
			);
			path = ViewController;
			sourceTree = "<group>";
		};
		83255DFF2177B7320035A977 /* StyleList */ = {
			isa = PBXGroup;
			children = (
				83255E0121786BFA0035A977 /* ViewModel */,
				83255E002177B7400035A977 /* Model */,
			);
			path = StyleList;
			sourceTree = "<group>";
		};
		83255E002177B7400035A977 /* Model */ = {
			isa = PBXGroup;
			children = (
				8384EFB721762B2F003D701D /* StyleTests.swift */,
			);
			path = Model;
			sourceTree = "<group>";
		};
		83255E0121786BFA0035A977 /* ViewModel */ = {
			isa = PBXGroup;
			children = (
				83255E0221786C150035A977 /* StyleItemVM.swift */,
			);
			path = ViewModel;
			sourceTree = "<group>";
		};
		83255E212178DB5D0035A977 /* BeerList */ = {
			isa = PBXGroup;
			children = (
			);
			path = BeerList;
			sourceTree = "<group>";
		};
		83255E222178DB6C0035A977 /* Beer */ = {
			isa = PBXGroup;
			children = (
				83255E262178DDEC0035A977 /* ViewModel */,
				83255E232178DB7A0035A977 /* Model */,
			);
			path = Beer;
			sourceTree = "<group>";
		};
		83255E232178DB7A0035A977 /* Model */ = {
			isa = PBXGroup;
			children = (
				83255E242178DB940035A977 /* BeerTests.swift */,
			);
			path = Model;
			sourceTree = "<group>";
		};
		83255E262178DDEC0035A977 /* ViewModel */ = {
			isa = PBXGroup;
			children = (
				83255E272178DDFF0035A977 /* BeerItemVMTests.swift */,
				83255E292178E4F70035A977 /* BeerPVCVMTests.swift */,
			);
			path = ViewModel;
			sourceTree = "<group>";
		};
		8384EF9621762B2E003D701D = {
			isa = PBXGroup;
			children = (
				8384EFA121762B2E003D701D /* Brewery */,
				8384EFB621762B2F003D701D /* BreweryTests */,
				8384EFA021762B2E003D701D /* Products */,
				4DC21CE9B67E2E341A92B40A /* Pods */,
				04E12AC3D5FB937BD42CE253 /* Frameworks */,
			);
			sourceTree = "<group>";
		};
		8384EFA021762B2E003D701D /* Products */ = {
			isa = PBXGroup;
			children = (
				8384EF9F21762B2E003D701D /* Brewery.app */,
				8384EFB321762B2F003D701D /* BreweryTests.xctest */,
			);
			name = Products;
			sourceTree = "<group>";
		};
		8384EFA121762B2E003D701D /* Brewery */ = {
			isa = PBXGroup;
			children = (
				8384EFC421762E98003D701D /* Coordinator */,
				8384EFC221762E4E003D701D /* Mandatory */,
				8384EFC521762EA4003D701D /* Service */,
				831CAEC6217784E0003DCE08 /* Storage */,
				8384EFC721762EC4003D701D /* Util */,
				8384EFC321762E7C003D701D /* ViewController */,
				8384EFC621762EBD003D701D /* ViewModel */,
			);
			path = Brewery;
			sourceTree = "<group>";
		};
		8384EFB621762B2F003D701D /* BreweryTests */ = {
			isa = PBXGroup;
			children = (
				83255DFE2177B7260035A977 /* ViewController */,
				8384EFB921762B2F003D701D /* Info.plist */,
			);
			path = BreweryTests;
			sourceTree = "<group>";
		};
		8384EFC221762E4E003D701D /* Mandatory */ = {
			isa = PBXGroup;
			children = (
				8384EFA221762B2E003D701D /* AppDelegate.swift */,
				8384EFA921762B2F003D701D /* Assets.xcassets */,
				83255DFB2177B0740035A977 /* Color.xcassets */,
				8384EFAE21762B2F003D701D /* Info.plist */,
				8384EFAB21762B2F003D701D /* LaunchScreen.storyboard */,
			);
			path = Mandatory;
			sourceTree = "<group>";
		};
		8384EFC321762E7C003D701D /* ViewController */ = {
			isa = PBXGroup;
			children = (
				8384EFD621763218003D701D /* Beer */,
				8384EFD521763211003D701D /* BeerList */,
				8384EFD421763203003D701D /* StyleList */,
			);
			path = ViewController;
			sourceTree = "<group>";
		};
		8384EFC421762E98003D701D /* Coordinator */ = {
			isa = PBXGroup;
			children = (
				831CAEB721765AC0003DCE08 /* BeerCoordinator.swift */,
				8384EFE621763D6F003D701D /* MainCoordinator.swift */,
				8384EFE821763DDA003D701D /* StyleCoordinator.swift */,
			);
			path = Coordinator;
			sourceTree = "<group>";
		};
		8384EFC521762EA4003D701D /* Service */ = {
			isa = PBXGroup;
			children = (
				8384EFC821762F53003D701D /* ExtensionMoya.swift */,
				8384EFDD21763667003D701D /* StyleService.swift */,
				831CAEB021765656003DCE08 /* BeerService.swift */,
			);
			path = Service;
			sourceTree = "<group>";
		};
		8384EFC621762EBD003D701D /* ViewModel */ = {
			isa = PBXGroup;
			children = (
				8384EFCC21763018003D701D /* ViewModel.swift */,
				8384EFCE2176303D003D701D /* ViewModelDelegate.swift */,
				8384EFD0217630C8003D701D /* CoordinatorProtocol.swift */,
			);
			path = ViewModel;
			sourceTree = "<group>";
		};
		8384EFC721762EC4003D701D /* Util */ = {
			isa = PBXGroup;
			children = (
				8384EFCA21762F8C003D701D /* Constant.swift */,
				8384EFD2217630F1003D701D /* Helper.swift */,
				83255E04217873DB0035A977 /* Color.swift */,
			);
			path = Util;
			sourceTree = "<group>";
		};
		8384EFD421763203003D701D /* StyleList */ = {
			isa = PBXGroup;
			children = (
				8384EFE521763C7C003D701D /* View */,
				8384EFDA21763560003D701D /* ViewModel */,
				8384EFD72176347A003D701D /* Model */,
				8384EFE121763C78003D701D /* StyleVC.swift */,
			);
			path = StyleList;
			sourceTree = "<group>";
		};
		8384EFD521763211003D701D /* BeerList */ = {
			isa = PBXGroup;
			children = (
				831CAEB2217657B9003DCE08 /* View */,
				831CAEAD21765559003DCE08 /* ViewModel */,
				831CAEB3217657D7003DCE08 /* BeerListVC.swift */,
			);
			path = BeerList;
			sourceTree = "<group>";
		};
		8384EFD621763218003D701D /* Beer */ = {
			isa = PBXGroup;
			children = (
				831CAEC121774A5E003DCE08 /* View */,
				831CAEAA21765475003DCE08 /* ViewModel */,
				831CAEA721765357003DCE08 /* Model */,
				831CAEBD21774A59003DCE08 /* BeerVC.swift */,
				831CAEC221775F8A003DCE08 /* BeerImageVC.swift */,
				83255E0621787D730035A977 /* BeerPVC.swift */,
			);
			path = Beer;
			sourceTree = "<group>";
		};
		8384EFD72176347A003D701D /* Model */ = {
			isa = PBXGroup;
			children = (
				8384EFD82176348E003D701D /* Style.swift */,
			);
			path = Model;
			sourceTree = "<group>";
		};
		8384EFDA21763560003D701D /* ViewModel */ = {
			isa = PBXGroup;
			children = (
				8384EFDB21763573003D701D /* StyleItemVM.swift */,
				8384EFDF21763A7A003D701D /* StyleVM.swift */,
			);
			path = ViewModel;
			sourceTree = "<group>";
		};
		8384EFE521763C7C003D701D /* View */ = {
			isa = PBXGroup;
			children = (
				8384EFE221763C78003D701D /* StyleVC.xib */,
				8384EFEA217645B0003D701D /* StyleTVC.swift */,
				8384EFEB217645B0003D701D /* StyleTVC.xib */,
			);
			path = View;
			sourceTree = "<group>";
		};
/* End PBXGroup section */

/* Begin PBXNativeTarget section */
		8384EF9E21762B2E003D701D /* Brewery */ = {
			isa = PBXNativeTarget;
			buildConfigurationList = 8384EFBC21762B2F003D701D /* Build configuration list for PBXNativeTarget "Brewery" */;
			buildPhases = (
				7C2F74BC63527D9BF0093288 /* [CP] Check Pods Manifest.lock */,
				8384EF9B21762B2E003D701D /* Sources */,
				8384EF9C21762B2E003D701D /* Frameworks */,
				8384EF9D21762B2E003D701D /* Resources */,
				5B23D8FEB8D4BE25A7735223 /* [CP] Embed Pods Frameworks */,
				83255DFD2177B3CC0035A977 /* ShellScript */,
			);
			buildRules = (
			);
			dependencies = (
			);
			name = Brewery;
			productName = Brewery;
			productReference = 8384EF9F21762B2E003D701D /* Brewery.app */;
			productType = "com.apple.product-type.application";
		};
		8384EFB221762B2F003D701D /* BreweryTests */ = {
			isa = PBXNativeTarget;
			buildConfigurationList = 8384EFBF21762B2F003D701D /* Build configuration list for PBXNativeTarget "BreweryTests" */;
			buildPhases = (
				D2AF3DF33CC4AC910E93BC46 /* [CP] Check Pods Manifest.lock */,
				8384EFAF21762B2F003D701D /* Sources */,
				8384EFB021762B2F003D701D /* Frameworks */,
				8384EFB121762B2F003D701D /* Resources */,
			);
			buildRules = (
			);
			dependencies = (
				8384EFB521762B2F003D701D /* PBXTargetDependency */,
			);
			name = BreweryTests;
			productName = BreweryTests;
			productReference = 8384EFB321762B2F003D701D /* BreweryTests.xctest */;
			productType = "com.apple.product-type.bundle.unit-test";
		};
/* End PBXNativeTarget section */

/* Begin PBXProject section */
		8384EF9721762B2E003D701D /* Project object */ = {
			isa = PBXProject;
			attributes = {
				LastSwiftUpdateCheck = 1000;
				LastUpgradeCheck = 1000;
				ORGANIZATIONNAME = "Alvaro Blazquez";
				TargetAttributes = {
					8384EF9E21762B2E003D701D = {
						CreatedOnToolsVersion = 10.0;
					};
					8384EFB221762B2F003D701D = {
						CreatedOnToolsVersion = 10.0;
						TestTargetID = 8384EF9E21762B2E003D701D;
					};
				};
			};
			buildConfigurationList = 8384EF9A21762B2E003D701D /* Build configuration list for PBXProject "Brewery" */;
			compatibilityVersion = "Xcode 9.3";
			developmentRegion = en;
			hasScannedForEncodings = 0;
			knownRegions = (
				en,
				Base,
			);
			mainGroup = 8384EF9621762B2E003D701D;
			productRefGroup = 8384EFA021762B2E003D701D /* Products */;
			projectDirPath = "";
			projectRoot = "";
			targets = (
				8384EF9E21762B2E003D701D /* Brewery */,
				8384EFB221762B2F003D701D /* BreweryTests */,
			);
		};
/* End PBXProject section */

/* Begin PBXResourcesBuildPhase section */
		8384EF9D21762B2E003D701D /* Resources */ = {
			isa = PBXResourcesBuildPhase;
			buildActionMask = 2147483647;
			files = (
				8384EFAD21762B2F003D701D /* LaunchScreen.storyboard in Resources */,
				8384EFAA21762B2F003D701D /* Assets.xcassets in Resources */,
				831CAEC521775F8A003DCE08 /* BeerImageVC.xib in Resources */,
				831CAEBC217722AA003DCE08 /* BeerCVC.xib in Resources */,
				831CAEB6217657D7003DCE08 /* BeerListVC.xib in Resources */,
				8384EFE421763C78003D701D /* StyleVC.xib in Resources */,
				831CAEC021774A59003DCE08 /* BeerVC.xib in Resources */,
				8384EFED217645B0003D701D /* StyleTVC.xib in Resources */,
				83255DFC2177B0740035A977 /* Color.xcassets in Resources */,
			);
			runOnlyForDeploymentPostprocessing = 0;
		};
		8384EFB121762B2F003D701D /* Resources */ = {
			isa = PBXResourcesBuildPhase;
			buildActionMask = 2147483647;
			files = (
			);
			runOnlyForDeploymentPostprocessing = 0;
		};
/* End PBXResourcesBuildPhase section */

/* Begin PBXShellScriptBuildPhase section */
		5B23D8FEB8D4BE25A7735223 /* [CP] Embed Pods Frameworks */ = {
			isa = PBXShellScriptBuildPhase;
			buildActionMask = 2147483647;
			files = (
			);
			inputPaths = (
				"${SRCROOT}/Pods/Target Support Files/Pods-Brewery/Pods-Brewery-frameworks.sh",
				"${BUILT_PRODUCTS_DIR}/Alamofire/Alamofire.framework",
				"${BUILT_PRODUCTS_DIR}/Kingfisher/Kingfisher.framework",
				"${BUILT_PRODUCTS_DIR}/Moya/Moya.framework",
				"${BUILT_PRODUCTS_DIR}/Result/Result.framework",
				"${BUILT_PRODUCTS_DIR}/SwiftyJSON/SwiftyJSON.framework",
			);
			name = "[CP] Embed Pods Frameworks";
			outputPaths = (
				"${TARGET_BUILD_DIR}/${FRAMEWORKS_FOLDER_PATH}/Alamofire.framework",
				"${TARGET_BUILD_DIR}/${FRAMEWORKS_FOLDER_PATH}/Kingfisher.framework",
				"${TARGET_BUILD_DIR}/${FRAMEWORKS_FOLDER_PATH}/Moya.framework",
				"${TARGET_BUILD_DIR}/${FRAMEWORKS_FOLDER_PATH}/Result.framework",
				"${TARGET_BUILD_DIR}/${FRAMEWORKS_FOLDER_PATH}/SwiftyJSON.framework",
			);
			runOnlyForDeploymentPostprocessing = 0;
			shellPath = /bin/sh;
			shellScript = "\"${SRCROOT}/Pods/Target Support Files/Pods-Brewery/Pods-Brewery-frameworks.sh\"\n";
			showEnvVarsInLog = 0;
		};
		7C2F74BC63527D9BF0093288 /* [CP] Check Pods Manifest.lock */ = {
			isa = PBXShellScriptBuildPhase;
			buildActionMask = 2147483647;
			files = (
			);
			inputPaths = (
				"${PODS_PODFILE_DIR_PATH}/Podfile.lock",
				"${PODS_ROOT}/Manifest.lock",
			);
			name = "[CP] Check Pods Manifest.lock";
			outputPaths = (
				"$(DERIVED_FILE_DIR)/Pods-Brewery-checkManifestLockResult.txt",
			);
			runOnlyForDeploymentPostprocessing = 0;
			shellPath = /bin/sh;
			shellScript = "diff \"${PODS_PODFILE_DIR_PATH}/Podfile.lock\" \"${PODS_ROOT}/Manifest.lock\" > /dev/null\nif [ $? != 0 ] ; then\n    # print error to STDERR\n    echo \"error: The sandbox is not in sync with the Podfile.lock. Run 'pod install' or update your CocoaPods installation.\" >&2\n    exit 1\nfi\n# This output is used by Xcode 'outputs' to avoid re-running this script phase.\necho \"SUCCESS\" > \"${SCRIPT_OUTPUT_FILE_0}\"\n";
			showEnvVarsInLog = 0;
		};
		83255DFD2177B3CC0035A977 /* ShellScript */ = {
			isa = PBXShellScriptBuildPhase;
			buildActionMask = 2147483647;
			files = (
			);
			inputFileListPaths = (
			);
			inputPaths = (
			);
			outputFileListPaths = (
			);
			outputPaths = (
			);
			runOnlyForDeploymentPostprocessing = 0;
			shellPath = /bin/sh;
			shellScript = "if which swiftlint >/dev/null; then\nswiftlint\nelse\necho \"warning: SwiftLint not installed, download from https://github.com/realm/SwiftLint\"\nfi\n";
		};
		D2AF3DF33CC4AC910E93BC46 /* [CP] Check Pods Manifest.lock */ = {
			isa = PBXShellScriptBuildPhase;
			buildActionMask = 2147483647;
			files = (
			);
			inputPaths = (
				"${PODS_PODFILE_DIR_PATH}/Podfile.lock",
				"${PODS_ROOT}/Manifest.lock",
			);
			name = "[CP] Check Pods Manifest.lock";
			outputPaths = (
				"$(DERIVED_FILE_DIR)/Pods-BreweryTests-checkManifestLockResult.txt",
			);
			runOnlyForDeploymentPostprocessing = 0;
			shellPath = /bin/sh;
			shellScript = "diff \"${PODS_PODFILE_DIR_PATH}/Podfile.lock\" \"${PODS_ROOT}/Manifest.lock\" > /dev/null\nif [ $? != 0 ] ; then\n    # print error to STDERR\n    echo \"error: The sandbox is not in sync with the Podfile.lock. Run 'pod install' or update your CocoaPods installation.\" >&2\n    exit 1\nfi\n# This output is used by Xcode 'outputs' to avoid re-running this script phase.\necho \"SUCCESS\" > \"${SCRIPT_OUTPUT_FILE_0}\"\n";
			showEnvVarsInLog = 0;
		};
/* End PBXShellScriptBuildPhase section */

/* Begin PBXSourcesBuildPhase section */
		8384EF9B21762B2E003D701D /* Sources */ = {
			isa = PBXSourcesBuildPhase;
			buildActionMask = 2147483647;
			files = (
				8384EFD1217630C8003D701D /* CoordinatorProtocol.swift in Sources */,
				8384EFE721763D6F003D701D /* MainCoordinator.swift in Sources */,
				8384EFE921763DDA003D701D /* StyleCoordinator.swift in Sources */,
				831CAEA921765365003DCE08 /* Beer.swift in Sources */,
				83255E0921787E1A0035A977 /* BeerPVCVM.swift in Sources */,
				8384EFCD21763018003D701D /* ViewModel.swift in Sources */,
				8384EFCF2176303D003D701D /* ViewModelDelegate.swift in Sources */,
				831CAEAF2176556B003DCE08 /* BeerListVM.swift in Sources */,
				8384EFDC21763573003D701D /* StyleItemVM.swift in Sources */,
				8384EFE021763A7A003D701D /* StyleVM.swift in Sources */,
				831CAEC8217784F8003DCE08 /* Storage.swift in Sources */,
				8384EFA321762B2E003D701D /* AppDelegate.swift in Sources */,
				831CAEBB217722AA003DCE08 /* BeerCVC.swift in Sources */,
				83255E0721787D730035A977 /* BeerPVC.swift in Sources */,
				831CAEAC21765492003DCE08 /* BeerItemVM.swift in Sources */,
				8384EFEC217645B0003D701D /* StyleTVC.swift in Sources */,
				8384EFC921762F53003D701D /* ExtensionMoya.swift in Sources */,
				831CAEC421775F8A003DCE08 /* BeerImageVC.swift in Sources */,
				831CAEB821765AC0003DCE08 /* BeerCoordinator.swift in Sources */,
				83255E05217873DB0035A977 /* Color.swift in Sources */,
				8384EFDE21763667003D701D /* StyleService.swift in Sources */,
				831CAEBF21774A59003DCE08 /* BeerVC.swift in Sources */,
				8384EFCB21762F8C003D701D /* Constant.swift in Sources */,
				8384EFE321763C78003D701D /* StyleVC.swift in Sources */,
				831CAEB121765656003DCE08 /* BeerService.swift in Sources */,
				8384EFD92176348E003D701D /* Style.swift in Sources */,
				831CAEB5217657D7003DCE08 /* BeerListVC.swift in Sources */,
				8384EFD3217630F1003D701D /* Helper.swift in Sources */,
			);
			runOnlyForDeploymentPostprocessing = 0;
		};
		8384EFAF21762B2F003D701D /* Sources */ = {
			isa = PBXSourcesBuildPhase;
			buildActionMask = 2147483647;
			files = (
				83255E2A2178E4F70035A977 /* BeerPVCVMTests.swift in Sources */,
				8384EFB821762B2F003D701D /* StyleTests.swift in Sources */,
				83255E252178DB940035A977 /* BeerTests.swift in Sources */,
				83255E0321786C150035A977 /* StyleItemVM.swift in Sources */,
				83255E282178DDFF0035A977 /* BeerItemVMTests.swift in Sources */,
			);
			runOnlyForDeploymentPostprocessing = 0;
		};
/* End PBXSourcesBuildPhase section */

/* Begin PBXTargetDependency section */
		8384EFB521762B2F003D701D /* PBXTargetDependency */ = {
			isa = PBXTargetDependency;
			target = 8384EF9E21762B2E003D701D /* Brewery */;
			targetProxy = 8384EFB421762B2F003D701D /* PBXContainerItemProxy */;
		};
/* End PBXTargetDependency section */

/* Begin PBXVariantGroup section */
		8384EFAB21762B2F003D701D /* LaunchScreen.storyboard */ = {
			isa = PBXVariantGroup;
			children = (
				8384EFAC21762B2F003D701D /* Base */,
			);
			name = LaunchScreen.storyboard;
			sourceTree = "<group>";
		};
/* End PBXVariantGroup section */

/* Begin XCBuildConfiguration section */
		8384EFBA21762B2F003D701D /* Debug */ = {
			isa = XCBuildConfiguration;
			buildSettings = {
				ALWAYS_SEARCH_USER_PATHS = NO;
				CLANG_ANALYZER_NONNULL = YES;
				CLANG_ANALYZER_NUMBER_OBJECT_CONVERSION = YES_AGGRESSIVE;
				CLANG_CXX_LANGUAGE_STANDARD = "gnu++14";
				CLANG_CXX_LIBRARY = "libc++";
				CLANG_ENABLE_MODULES = YES;
				CLANG_ENABLE_OBJC_ARC = YES;
				CLANG_ENABLE_OBJC_WEAK = YES;
				CLANG_WARN_BLOCK_CAPTURE_AUTORELEASING = YES;
				CLANG_WARN_BOOL_CONVERSION = YES;
				CLANG_WARN_COMMA = YES;
				CLANG_WARN_CONSTANT_CONVERSION = YES;
				CLANG_WARN_DEPRECATED_OBJC_IMPLEMENTATIONS = YES;
				CLANG_WARN_DIRECT_OBJC_ISA_USAGE = YES_ERROR;
				CLANG_WARN_DOCUMENTATION_COMMENTS = YES;
				CLANG_WARN_EMPTY_BODY = YES;
				CLANG_WARN_ENUM_CONVERSION = YES;
				CLANG_WARN_INFINITE_RECURSION = YES;
				CLANG_WARN_INT_CONVERSION = YES;
				CLANG_WARN_NON_LITERAL_NULL_CONVERSION = YES;
				CLANG_WARN_OBJC_IMPLICIT_RETAIN_SELF = YES;
				CLANG_WARN_OBJC_LITERAL_CONVERSION = YES;
				CLANG_WARN_OBJC_ROOT_CLASS = YES_ERROR;
				CLANG_WARN_RANGE_LOOP_ANALYSIS = YES;
				CLANG_WARN_STRICT_PROTOTYPES = YES;
				CLANG_WARN_SUSPICIOUS_MOVE = YES;
				CLANG_WARN_UNGUARDED_AVAILABILITY = YES_AGGRESSIVE;
				CLANG_WARN_UNREACHABLE_CODE = YES;
				CLANG_WARN__DUPLICATE_METHOD_MATCH = YES;
				CODE_SIGN_IDENTITY = "iPhone Developer";
				COPY_PHASE_STRIP = NO;
				DEBUG_INFORMATION_FORMAT = dwarf;
				ENABLE_STRICT_OBJC_MSGSEND = YES;
				ENABLE_TESTABILITY = YES;
				GCC_C_LANGUAGE_STANDARD = gnu11;
				GCC_DYNAMIC_NO_PIC = NO;
				GCC_NO_COMMON_BLOCKS = YES;
				GCC_OPTIMIZATION_LEVEL = 0;
				GCC_PREPROCESSOR_DEFINITIONS = (
					"DEBUG=1",
					"$(inherited)",
				);
				GCC_WARN_64_TO_32_BIT_CONVERSION = YES;
				GCC_WARN_ABOUT_RETURN_TYPE = YES_ERROR;
				GCC_WARN_UNDECLARED_SELECTOR = YES;
				GCC_WARN_UNINITIALIZED_AUTOS = YES_AGGRESSIVE;
				GCC_WARN_UNUSED_FUNCTION = YES;
				GCC_WARN_UNUSED_VARIABLE = YES;
				IPHONEOS_DEPLOYMENT_TARGET = 12.0;
				MTL_ENABLE_DEBUG_INFO = INCLUDE_SOURCE;
				MTL_FAST_MATH = YES;
				ONLY_ACTIVE_ARCH = YES;
				SDKROOT = iphoneos;
				SWIFT_ACTIVE_COMPILATION_CONDITIONS = DEBUG;
				SWIFT_OPTIMIZATION_LEVEL = "-Onone";
			};
			name = Debug;
		};
		8384EFBB21762B2F003D701D /* Release */ = {
			isa = XCBuildConfiguration;
			buildSettings = {
				ALWAYS_SEARCH_USER_PATHS = NO;
				CLANG_ANALYZER_NONNULL = YES;
				CLANG_ANALYZER_NUMBER_OBJECT_CONVERSION = YES_AGGRESSIVE;
				CLANG_CXX_LANGUAGE_STANDARD = "gnu++14";
				CLANG_CXX_LIBRARY = "libc++";
				CLANG_ENABLE_MODULES = YES;
				CLANG_ENABLE_OBJC_ARC = YES;
				CLANG_ENABLE_OBJC_WEAK = YES;
				CLANG_WARN_BLOCK_CAPTURE_AUTORELEASING = YES;
				CLANG_WARN_BOOL_CONVERSION = YES;
				CLANG_WARN_COMMA = YES;
				CLANG_WARN_CONSTANT_CONVERSION = YES;
				CLANG_WARN_DEPRECATED_OBJC_IMPLEMENTATIONS = YES;
				CLANG_WARN_DIRECT_OBJC_ISA_USAGE = YES_ERROR;
				CLANG_WARN_DOCUMENTATION_COMMENTS = YES;
				CLANG_WARN_EMPTY_BODY = YES;
				CLANG_WARN_ENUM_CONVERSION = YES;
				CLANG_WARN_INFINITE_RECURSION = YES;
				CLANG_WARN_INT_CONVERSION = YES;
				CLANG_WARN_NON_LITERAL_NULL_CONVERSION = YES;
				CLANG_WARN_OBJC_IMPLICIT_RETAIN_SELF = YES;
				CLANG_WARN_OBJC_LITERAL_CONVERSION = YES;
				CLANG_WARN_OBJC_ROOT_CLASS = YES_ERROR;
				CLANG_WARN_RANGE_LOOP_ANALYSIS = YES;
				CLANG_WARN_STRICT_PROTOTYPES = YES;
				CLANG_WARN_SUSPICIOUS_MOVE = YES;
				CLANG_WARN_UNGUARDED_AVAILABILITY = YES_AGGRESSIVE;
				CLANG_WARN_UNREACHABLE_CODE = YES;
				CLANG_WARN__DUPLICATE_METHOD_MATCH = YES;
				CODE_SIGN_IDENTITY = "iPhone Developer";
				COPY_PHASE_STRIP = NO;
				DEBUG_INFORMATION_FORMAT = "dwarf-with-dsym";
				ENABLE_NS_ASSERTIONS = NO;
				ENABLE_STRICT_OBJC_MSGSEND = YES;
				GCC_C_LANGUAGE_STANDARD = gnu11;
				GCC_NO_COMMON_BLOCKS = YES;
				GCC_WARN_64_TO_32_BIT_CONVERSION = YES;
				GCC_WARN_ABOUT_RETURN_TYPE = YES_ERROR;
				GCC_WARN_UNDECLARED_SELECTOR = YES;
				GCC_WARN_UNINITIALIZED_AUTOS = YES_AGGRESSIVE;
				GCC_WARN_UNUSED_FUNCTION = YES;
				GCC_WARN_UNUSED_VARIABLE = YES;
				IPHONEOS_DEPLOYMENT_TARGET = 12.0;
				MTL_ENABLE_DEBUG_INFO = NO;
				MTL_FAST_MATH = YES;
				SDKROOT = iphoneos;
				SWIFT_COMPILATION_MODE = wholemodule;
				SWIFT_OPTIMIZATION_LEVEL = "-O";
				VALIDATE_PRODUCT = YES;
			};
			name = Release;
		};
		8384EFBD21762B2F003D701D /* Debug */ = {
			isa = XCBuildConfiguration;
			baseConfigurationReference = AE7585846607510998BBE2AE /* Pods-Brewery.debug.xcconfig */;
			buildSettings = {
				ASSETCATALOG_COMPILER_APPICON_NAME = AppIcon;
				CODE_SIGN_STYLE = Automatic;
				DEVELOPMENT_TEAM = JNUKPQ5K9Y;
				INFOPLIST_FILE = Brewery/Mandatory/Info.plist;
				IPHONEOS_DEPLOYMENT_TARGET = 11.0;
				LD_RUNPATH_SEARCH_PATHS = (
					"$(inherited)",
					"@executable_path/Frameworks",
				);
				PRODUCT_BUNDLE_IDENTIFIER = com.alvaroblazquez.Brewery;
				PRODUCT_NAME = "$(TARGET_NAME)";
				SWIFT_VERSION = 4.2;
				TARGETED_DEVICE_FAMILY = 1;
			};
			name = Debug;
		};
		8384EFBE21762B2F003D701D /* Release */ = {
			isa = XCBuildConfiguration;
			baseConfigurationReference = BA4360F6705E70FE56B80C7E /* Pods-Brewery.release.xcconfig */;
			buildSettings = {
				ASSETCATALOG_COMPILER_APPICON_NAME = AppIcon;
				CODE_SIGN_STYLE = Automatic;
				DEVELOPMENT_TEAM = JNUKPQ5K9Y;
				INFOPLIST_FILE = Brewery/Mandatory/Info.plist;
				IPHONEOS_DEPLOYMENT_TARGET = 11.0;
				LD_RUNPATH_SEARCH_PATHS = (
					"$(inherited)",
					"@executable_path/Frameworks",
				);
				PRODUCT_BUNDLE_IDENTIFIER = com.alvaroblazquez.Brewery;
				PRODUCT_NAME = "$(TARGET_NAME)";
				SWIFT_VERSION = 4.2;
				TARGETED_DEVICE_FAMILY = 1;
			};
			name = Release;
		};
		8384EFC021762B2F003D701D /* Debug */ = {
			isa = XCBuildConfiguration;
			baseConfigurationReference = E6BE47931E4B83A175C23BB1 /* Pods-BreweryTests.debug.xcconfig */;
			buildSettings = {
				ALWAYS_EMBED_SWIFT_STANDARD_LIBRARIES = YES;
				BUNDLE_LOADER = "$(TEST_HOST)";
				CODE_SIGN_STYLE = Automatic;
				DEVELOPMENT_TEAM = JNUKPQ5K9Y;
				INFOPLIST_FILE = BreweryTests/Info.plist;
				LD_RUNPATH_SEARCH_PATHS = (
					"$(inherited)",
					"@executable_path/Frameworks",
					"@loader_path/Frameworks",
				);
				PRODUCT_BUNDLE_IDENTIFIER = com.alvaroblazquez.BreweryTests;
				PRODUCT_NAME = "$(TARGET_NAME)";
				SWIFT_VERSION = 4.2;
				TARGETED_DEVICE_FAMILY = "1,2";
				TEST_HOST = "$(BUILT_PRODUCTS_DIR)/Brewery.app/Brewery";
			};
			name = Debug;
		};
		8384EFC121762B2F003D701D /* Release */ = {
			isa = XCBuildConfiguration;
			baseConfigurationReference = 199FBFA73AEA0D05BA633D9E /* Pods-BreweryTests.release.xcconfig */;
			buildSettings = {
				ALWAYS_EMBED_SWIFT_STANDARD_LIBRARIES = YES;
				BUNDLE_LOADER = "$(TEST_HOST)";
				CODE_SIGN_STYLE = Automatic;
				DEVELOPMENT_TEAM = JNUKPQ5K9Y;
				INFOPLIST_FILE = BreweryTests/Info.plist;
				LD_RUNPATH_SEARCH_PATHS = (
					"$(inherited)",
					"@executable_path/Frameworks",
					"@loader_path/Frameworks",
				);
				PRODUCT_BUNDLE_IDENTIFIER = com.alvaroblazquez.BreweryTests;
				PRODUCT_NAME = "$(TARGET_NAME)";
				SWIFT_VERSION = 4.2;
				TARGETED_DEVICE_FAMILY = "1,2";
				TEST_HOST = "$(BUILT_PRODUCTS_DIR)/Brewery.app/Brewery";
			};
			name = Release;
		};
/* End XCBuildConfiguration section */

/* Begin XCConfigurationList section */
		8384EF9A21762B2E003D701D /* Build configuration list for PBXProject "Brewery" */ = {
			isa = XCConfigurationList;
			buildConfigurations = (
				8384EFBA21762B2F003D701D /* Debug */,
				8384EFBB21762B2F003D701D /* Release */,
			);
			defaultConfigurationIsVisible = 0;
			defaultConfigurationName = Release;
		};
		8384EFBC21762B2F003D701D /* Build configuration list for PBXNativeTarget "Brewery" */ = {
			isa = XCConfigurationList;
			buildConfigurations = (
				8384EFBD21762B2F003D701D /* Debug */,
				8384EFBE21762B2F003D701D /* Release */,
			);
			defaultConfigurationIsVisible = 0;
			defaultConfigurationName = Release;
		};
		8384EFBF21762B2F003D701D /* Build configuration list for PBXNativeTarget "BreweryTests" */ = {
			isa = XCConfigurationList;
			buildConfigurations = (
				8384EFC021762B2F003D701D /* Debug */,
				8384EFC121762B2F003D701D /* Release */,
			);
			defaultConfigurationIsVisible = 0;
			defaultConfigurationName = Release;
		};
/* End XCConfigurationList section */
	};
	rootObject = 8384EF9721762B2E003D701D /* Project object */;
}
